
Microsoft Visual Studio Solution File, Format Version 12.00
# Visual Studio Version 17
VisualStudioVersion = 17.1.32210.238
MinimumVisualStudioVersion = 10.0.40219.1
Project("{FAE04EC0-301F-11D3-BF4B-00C04F79EFBC}") = "task-Ref", "task-Ref\task-Ref.csproj", "{819D0BF7-DD7B-45F5-B3A1-C7666B2CCCAF}"
EndProject
Global
	GlobalSection(SolutionConfigurationPlatforms) = preSolution
		Debug|Any CPU = Debug|Any CPU
		Release|Any CPU = Release|Any CPU
	EndGlobalSection
	GlobalSection(ProjectConfigurationPlatforms) = postSolution
		{819D0BF7-DD7B-45F5-B3A1-C7666B2CCCAF}.Debug|Any CPU.ActiveCfg = Debug|Any CPU
		{819D0BF7-DD7B-45F5-B3A1-C7666B2CCCAF}.Debug|Any CPU.Build.0 = Debug|Any CPU
		{819D0BF7-DD7B-45F5-B3A1-C7666B2CCCAF}.Release|Any CPU.ActiveCfg = Release|Any CPU
		{819D0BF7-DD7B-45F5-B3A1-C7666B2CCCAF}.Release|Any CPU.Build.0 = Release|Any CPU
	EndGlobalSection
	GlobalSection(SolutionProperties) = preSolution
		HideSolutionNode = FALSE
	EndGlobalSection
	GlobalSection(ExtensibilityGlobals) = postSolution
		SolutionGuid = {B2C9D36E-E709-48F5-94F9-31783EDF6B92}
	EndGlobalSection
EndGlobal
